{
  "requires": true,
  "lockfileVersion": 1,
  "dependencies": {
    "@aspnet/signalr": {
      "version": "1.0.0-preview2-final",
      "resolved": "https://registry.npmjs.org/@aspnet/signalr/-/signalr-1.0.0-preview2-final.tgz",
      "integrity": "sha512-XbqGbAG9Ow4L5Sc4n81A2S8lHSlxBNTjFm3WZQA94cIolPnW0bPK2u14UMooXRXxzjBtJViJMN/aoxWRwTWxig==",
      "dev": true
    },
    "tsc": {
      "version": "1.20150623.0",
      "resolved": "https://registry.npmjs.org/tsc/-/tsc-1.20150623.0.tgz",
      "integrity": "sha1-Trw8d04WkUjLx2inNCUz8ILHpuU="
    }
  }
}
